// !$*UTF8*$!
{
	archiveVersion = 1;
	classes = {
	};
	objectVersion = 56;
	objects = {

/* Begin PBXBuildFile section */
		7922DB722B974F64002DBDBB /* SpendingsListView.swift in Sources */ = {isa = PBXBuildFile; fileRef = 7922DB712B974F64002DBDBB /* SpendingsListView.swift */; };
		79487AF22B98EEDF00E50C37 /* Localizable.strings in Resources */ = {isa = PBXBuildFile; fileRef = 79487AF12B98EEDF00E50C37 /* Localizable.strings */; };
		79618FEA2B965554005E00D2 /* BudgetCardView.swift in Sources */ = {isa = PBXBuildFile; fileRef = 79618FE92B965554005E00D2 /* BudgetCardView.swift */; };
		7991D8DF2B95F00B00F55BBC /* BudgetView.swift in Sources */ = {isa = PBXBuildFile; fileRef = 7991D8DE2B95F00B00F55BBC /* BudgetView.swift */; };
		7991D8E12B95F06D00F55BBC /* MyPlanView.swift in Sources */ = {isa = PBXBuildFile; fileRef = 7991D8E02B95F06D00F55BBC /* MyPlanView.swift */; };
		799E65842B95FFCF00B1D792 /* TransactionView.swift in Sources */ = {isa = PBXBuildFile; fileRef = 799E65832B95FFCF00B1D792 /* TransactionView.swift */; };
		79BB44EF2B92105000C0E2CC /* TransactionModel.swift in Sources */ = {isa = PBXBuildFile; fileRef = 79BB44EE2B92105000C0E2CC /* TransactionModel.swift */; };
		79BB44F12B92105D00C0E2CC /* MyPlanModel.swift in Sources */ = {isa = PBXBuildFile; fileRef = 79BB44F02B92105D00C0E2CC /* MyPlanModel.swift */; };
		79BB44F32B92121C00C0E2CC /* SpendingsViewModel.swift in Sources */ = {isa = PBXBuildFile; fileRef = 79BB44F22B92121C00C0E2CC /* SpendingsViewModel.swift */; };
		79BB44F82B92615A00C0E2CC /* MyPlanCardView.swift in Sources */ = {isa = PBXBuildFile; fileRef = 79BB44F72B92615A00C0E2CC /* MyPlanCardView.swift */; };
		79D7F6092B8E3E33001EA354 /* Spendings.swift in Sources */ = {isa = PBXBuildFile; fileRef = 79D7F6082B8E3E33001EA354 /* Spendings.swift */; };
		79D7F60B2B8E3E33001EA354 /* SpendingsView.swift in Sources */ = {isa = PBXBuildFile; fileRef = 79D7F60A2B8E3E33001EA354 /* SpendingsView.swift */; };
		79D7F60D2B8E3E35001EA354 /* Assets.xcassets in Resources */ = {isa = PBXBuildFile; fileRef = 79D7F60C2B8E3E35001EA354 /* Assets.xcassets */; };
		79D7F6102B8E3E35001EA354 /* Preview Assets.xcassets in Resources */ = {isa = PBXBuildFile; fileRef = 79D7F60F2B8E3E35001EA354 /* Preview Assets.xcassets */; };
/* End PBXBuildFile section */

/* Begin PBXFileReference section */
		7922DB712B974F64002DBDBB /* SpendingsListView.swift */ = {isa = PBXFileReference; lastKnownFileType = sourcecode.swift; path = SpendingsListView.swift; sourceTree = "<group>"; };
		79487AF12B98EEDF00E50C37 /* Localizable.strings */ = {isa = PBXFileReference; lastKnownFileType = text.plist.strings; path = Localizable.strings; sourceTree = "<group>"; };
		79618FE92B965554005E00D2 /* BudgetCardView.swift */ = {isa = PBXFileReference; lastKnownFileType = sourcecode.swift; path = BudgetCardView.swift; sourceTree = "<group>"; };
		7991D8DE2B95F00B00F55BBC /* BudgetView.swift */ = {isa = PBXFileReference; lastKnownFileType = sourcecode.swift; path = BudgetView.swift; sourceTree = "<group>"; };
		7991D8E02B95F06D00F55BBC /* MyPlanView.swift */ = {isa = PBXFileReference; lastKnownFileType = sourcecode.swift; path = MyPlanView.swift; sourceTree = "<group>"; };
		799E65832B95FFCF00B1D792 /* TransactionView.swift */ = {isa = PBXFileReference; lastKnownFileType = sourcecode.swift; path = TransactionView.swift; sourceTree = "<group>"; };
		79BB44EE2B92105000C0E2CC /* TransactionModel.swift */ = {isa = PBXFileReference; lastKnownFileType = sourcecode.swift; path = TransactionModel.swift; sourceTree = "<group>"; };
		79BB44F02B92105D00C0E2CC /* MyPlanModel.swift */ = {isa = PBXFileReference; lastKnownFileType = sourcecode.swift; path = MyPlanModel.swift; sourceTree = "<group>"; };
		79BB44F22B92121C00C0E2CC /* SpendingsViewModel.swift */ = {isa = PBXFileReference; lastKnownFileType = sourcecode.swift; path = SpendingsViewModel.swift; sourceTree = "<group>"; };
		79BB44F72B92615A00C0E2CC /* MyPlanCardView.swift */ = {isa = PBXFileReference; lastKnownFileType = sourcecode.swift; path = MyPlanCardView.swift; sourceTree = "<group>"; };
		79D7F6052B8E3E33001EA354 /* SpendingsApp.app */ = {isa = PBXFileReference; explicitFileType = wrapper.application; includeInIndex = 0; path = SpendingsApp.app; sourceTree = BUILT_PRODUCTS_DIR; };
		79D7F6082B8E3E33001EA354 /* Spendings.swift */ = {isa = PBXFileReference; lastKnownFileType = sourcecode.swift; path = Spendings.swift; sourceTree = "<group>"; };
		79D7F60A2B8E3E33001EA354 /* SpendingsView.swift */ = {isa = PBXFileReference; lastKnownFileType = sourcecode.swift; path = SpendingsView.swift; sourceTree = "<group>"; };
		79D7F60C2B8E3E35001EA354 /* Assets.xcassets */ = {isa = PBXFileReference; lastKnownFileType = folder.assetcatalog; path = Assets.xcassets; sourceTree = "<group>"; };
		79D7F60F2B8E3E35001EA354 /* Preview Assets.xcassets */ = {isa = PBXFileReference; lastKnownFileType = folder.assetcatalog; path = "Preview Assets.xcassets"; sourceTree = "<group>"; };
/* End PBXFileReference section */

/* Begin PBXFrameworksBuildPhase section */
		79D7F6022B8E3E33001EA354 /* Frameworks */ = {
			isa = PBXFrameworksBuildPhase;
			buildActionMask = 2147483647;
			files = (
			);
			runOnlyForDeploymentPostprocessing = 0;
		};
/* End PBXFrameworksBuildPhase section */

/* Begin PBXGroup section */
		79487AED2B98EDEA00E50C37 /* View */ = {
			isa = PBXGroup;
			children = (
				79D7F6082B8E3E33001EA354 /* Spendings.swift */,
				79D7F60A2B8E3E33001EA354 /* SpendingsView.swift */,
				799E65832B95FFCF00B1D792 /* TransactionView.swift */,
				79BB44F72B92615A00C0E2CC /* MyPlanCardView.swift */,
				79618FE92B965554005E00D2 /* BudgetCardView.swift */,
				7991D8DE2B95F00B00F55BBC /* BudgetView.swift */,
				7991D8E02B95F06D00F55BBC /* MyPlanView.swift */,
				7922DB712B974F64002DBDBB /* SpendingsListView.swift */,
			);
			path = View;
			sourceTree = "<group>";
		};
		79487AEE2B98EDF800E50C37 /* Model */ = {
			isa = PBXGroup;
			children = (
				79BB44EE2B92105000C0E2CC /* TransactionModel.swift */,
				79BB44F02B92105D00C0E2CC /* MyPlanModel.swift */,
			);
			path = Model;
			sourceTree = "<group>";
		};
		79487AEF2B98EE0100E50C37 /* ViewModel */ = {
			isa = PBXGroup;
			children = (
				79BB44F22B92121C00C0E2CC /* SpendingsViewModel.swift */,
			);
			path = ViewModel;
			sourceTree = "<group>";
		};
		79487AF02B98EE4E00E50C37 /* Dependencies */ = {
			isa = PBXGroup;
			children = (
				79487AF12B98EEDF00E50C37 /* Localizable.strings */,
			);
			path = Dependencies;
			sourceTree = "<group>";
		};
		79D7F5FC2B8E3E33001EA354 = {
			isa = PBXGroup;
			children = (
				79D7F6072B8E3E33001EA354 /* SpendingsApp */,
				79D7F6062B8E3E33001EA354 /* Products */,
			);
			sourceTree = "<group>";
		};
		79D7F6062B8E3E33001EA354 /* Products */ = {
			isa = PBXGroup;
			children = (
				79D7F6052B8E3E33001EA354 /* SpendingsApp.app */,
			);
			name = Products;
			sourceTree = "<group>";
		};
		79D7F6072B8E3E33001EA354 /* SpendingsApp */ = {
			isa = PBXGroup;
			children = (
				79487AEE2B98EDF800E50C37 /* Model */,
				79487AED2B98EDEA00E50C37 /* View */,
				79487AEF2B98EE0100E50C37 /* ViewModel */,
				79487AF02B98EE4E00E50C37 /* Dependencies */,
				79D7F60C2B8E3E35001EA354 /* Assets.xcassets */,
				79D7F60E2B8E3E35001EA354 /* Preview Content */,
			);
			path = SpendingsApp;
			sourceTree = "<group>";
		};
		79D7F60E2B8E3E35001EA354 /* Preview Content */ = {
			isa = PBXGroup;
			children = (
				79D7F60F2B8E3E35001EA354 /* Preview Assets.xcassets */,
			);
			path = "Preview Content";
			sourceTree = "<group>";
		};
/* End PBXGroup section */

/* Begin PBXNativeTarget section */
		79D7F6042B8E3E33001EA354 /* SpendingsApp */ = {
			isa = PBXNativeTarget;
			buildConfigurationList = 79D7F6132B8E3E35001EA354 /* Build configuration list for PBXNativeTarget "SpendingsApp" */;
			buildPhases = (
				79D7F6012B8E3E33001EA354 /* Sources */,
				79D7F6022B8E3E33001EA354 /* Frameworks */,
				79D7F6032B8E3E33001EA354 /* Resources */,
			);
			buildRules = (
			);
			dependencies = (
			);
			name = SpendingsApp;
			productName = SpendingsApp;
			productReference = 79D7F6052B8E3E33001EA354 /* SpendingsApp.app */;
			productType = "com.apple.product-type.application";
		};
/* End PBXNativeTarget section */

/* Begin PBXProject section */
		79D7F5FD2B8E3E33001EA354 /* Project object */ = {
			isa = PBXProject;
			attributes = {
				BuildIndependentTargetsInParallel = 1;
				LastSwiftUpdateCheck = 1500;
				LastUpgradeCheck = 1500;
				TargetAttributes = {
					79D7F6042B8E3E33001EA354 = {
						CreatedOnToolsVersion = 15.0;
					};
				};
			};
			buildConfigurationList = 79D7F6002B8E3E33001EA354 /* Build configuration list for PBXProject "SpendingsApp" */;
			compatibilityVersion = "Xcode 14.0";
			developmentRegion = en;
			hasScannedForEncodings = 0;
			knownRegions = (
				en,
				Base,
			);
			mainGroup = 79D7F5FC2B8E3E33001EA354;
			productRefGroup = 79D7F6062B8E3E33001EA354 /* Products */;
			projectDirPath = "";
			projectRoot = "";
			targets = (
				79D7F6042B8E3E33001EA354 /* SpendingsApp */,
			);
		};
/* End PBXProject section */

/* Begin PBXResourcesBuildPhase section */
		79D7F6032B8E3E33001EA354 /* Resources */ = {
			isa = PBXResourcesBuildPhase;
			buildActionMask = 2147483647;
			files = (
				79D7F6102B8E3E35001EA354 /* Preview Assets.xcassets in Resources */,
				79487AF22B98EEDF00E50C37 /* Localizable.strings in Resources */,
				79D7F60D2B8E3E35001EA354 /* Assets.xcassets in Resources */,
			);
			runOnlyForDeploymentPostprocessing = 0;
		};
/* End PBXResourcesBuildPhase section */

/* Begin PBXSourcesBuildPhase section */
		79D7F6012B8E3E33001EA354 /* Sources */ = {
			isa = PBXSourcesBuildPhase;
			buildActionMask = 2147483647;
			files = (
				79BB44F82B92615A00C0E2CC /* MyPlanCardView.swift in Sources */,
				7991D8DF2B95F00B00F55BBC /* BudgetView.swift in Sources */,
				79BB44EF2B92105000C0E2CC /* TransactionModel.swift in Sources */,
				7991D8E12B95F06D00F55BBC /* MyPlanView.swift in Sources */,
				79D7F60B2B8E3E33001EA354 /* SpendingsView.swift in Sources */,
				79618FEA2B965554005E00D2 /* BudgetCardView.swift in Sources */,
				7922DB722B974F64002DBDBB /* SpendingsListView.swift in Sources */,
				79BB44F12B92105D00C0E2CC /* MyPlanModel.swift in Sources */,
				79D7F6092B8E3E33001EA354 /* Spendings.swift in Sources */,
				799E65842B95FFCF00B1D792 /* TransactionView.swift in Sources */,
				79BB44F32B92121C00C0E2CC /* SpendingsViewModel.swift in Sources */,
			);
			runOnlyForDeploymentPostprocessing = 0;
		};
/* End PBXSourcesBuildPhase section */

/* Begin XCBuildConfiguration section */
		79D7F6112B8E3E35001EA354 /* Debug */ = {
			isa = XCBuildConfiguration;
			buildSettings = {
				ALWAYS_SEARCH_USER_PATHS = NO;
				ASSETCATALOG_COMPILER_GENERATE_SWIFT_ASSET_SYMBOL_EXTENSIONS = YES;
				CLANG_ANALYZER_NONNULL = YES;
				CLANG_ANALYZER_NUMBER_OBJECT_CONVERSION = YES_AGGRESSIVE;
				CLANG_CXX_LANGUAGE_STANDARD = "gnu++20";
				CLANG_ENABLE_MODULES = YES;
				CLANG_ENABLE_OBJC_ARC = YES;
				CLANG_ENABLE_OBJC_WEAK = YES;
				CLANG_WARN_BLOCK_CAPTURE_AUTORELEASING = YES;
				CLANG_WARN_BOOL_CONVERSION = YES;
				CLANG_WARN_COMMA = YES;
				CLANG_WARN_CONSTANT_CONVERSION = YES;
				CLANG_WARN_DEPRECATED_OBJC_IMPLEMENTATIONS = YES;
				CLANG_WARN_DIRECT_OBJC_ISA_USAGE = YES_ERROR;
				CLANG_WARN_DOCUMENTATION_COMMENTS = YES;
				CLANG_WARN_EMPTY_BODY = YES;
				CLANG_WARN_ENUM_CONVERSION = YES;
				CLANG_WARN_INFINITE_RECURSION = YES;
				CLANG_WARN_INT_CONVERSION = YES;
				CLANG_WARN_NON_LITERAL_NULL_CONVERSION = YES;
				CLANG_WARN_OBJC_IMPLICIT_RETAIN_SELF = YES;
				CLANG_WARN_OBJC_LITERAL_CONVERSION = YES;
				CLANG_WARN_OBJC_ROOT_CLASS = YES_ERROR;
				CLANG_WARN_QUOTED_INCLUDE_IN_FRAMEWORK_HEADER = YES;
				CLANG_WARN_RANGE_LOOP_ANALYSIS = YES;
				CLANG_WARN_STRICT_PROTOTYPES = YES;
				CLANG_WARN_SUSPICIOUS_MOVE = YES;
				CLANG_WARN_UNGUARDED_AVAILABILITY = YES_AGGRESSIVE;
				CLANG_WARN_UNREACHABLE_CODE = YES;
				CLANG_WARN__DUPLICATE_METHOD_MATCH = YES;
				COPY_PHASE_STRIP = NO;
				DEBUG_INFORMATION_FORMAT = dwarf;
				ENABLE_STRICT_OBJC_MSGSEND = YES;
				ENABLE_TESTABILITY = YES;
				ENABLE_USER_SCRIPT_SANDBOXING = YES;
				GCC_C_LANGUAGE_STANDARD = gnu17;
				GCC_DYNAMIC_NO_PIC = NO;
				GCC_NO_COMMON_BLOCKS = YES;
				GCC_OPTIMIZATION_LEVEL = 0;
				GCC_PREPROCESSOR_DEFINITIONS = (
					"DEBUG=1",
					"$(inherited)",
				);
				GCC_WARN_64_TO_32_BIT_CONVERSION = YES;
				GCC_WARN_ABOUT_RETURN_TYPE = YES_ERROR;
				GCC_WARN_UNDECLARED_SELECTOR = YES;
				GCC_WARN_UNINITIALIZED_AUTOS = YES_AGGRESSIVE;
				GCC_WARN_UNUSED_FUNCTION = YES;
				GCC_WARN_UNUSED_VARIABLE = YES;
				IPHONEOS_DEPLOYMENT_TARGET = 17.0;
				LOCALIZATION_PREFERS_STRING_CATALOGS = YES;
				MTL_ENABLE_DEBUG_INFO = INCLUDE_SOURCE;
				MTL_FAST_MATH = YES;
				ONLY_ACTIVE_ARCH = YES;
				PRODUCT_MODULE_NAME = "$(PRODUCT_NAME:c99extidentifier)SpendingsApp";
				SDKROOT = iphoneos;
				SWIFT_ACTIVE_COMPILATION_CONDITIONS = "DEBUG $(inherited)";
				SWIFT_OPTIMIZATION_LEVEL = "-Onone";
			};
			name = Debug;
		};
		79D7F6122B8E3E35001EA354 /* Release */ = {
			isa = XCBuildConfiguration;
			buildSettings = {
				ALWAYS_SEARCH_USER_PATHS = NO;
				ASSETCATALOG_COMPILER_GENERATE_SWIFT_ASSET_SYMBOL_EXTENSIONS = YES;
				CLANG_ANALYZER_NONNULL = YES;
				CLANG_ANALYZER_NUMBER_OBJECT_CONVERSION = YES_AGGRESSIVE;
				CLANG_CXX_LANGUAGE_STANDARD = "gnu++20";
				CLANG_ENABLE_MODULES = YES;
				CLANG_ENABLE_OBJC_ARC = YES;
				CLANG_ENABLE_OBJC_WEAK = YES;
				CLANG_WARN_BLOCK_CAPTURE_AUTORELEASING = YES;
				CLANG_WARN_BOOL_CONVERSION = YES;
				CLANG_WARN_COMMA = YES;
				CLANG_WARN_CONSTANT_CONVERSION = YES;
				CLANG_WARN_DEPRECATED_OBJC_IMPLEMENTATIONS = YES;
				CLANG_WARN_DIRECT_OBJC_ISA_USAGE = YES_ERROR;
				CLANG_WARN_DOCUMENTATION_COMMENTS = YES;
				CLANG_WARN_EMPTY_BODY = YES;
				CLANG_WARN_ENUM_CONVERSION = YES;
				CLANG_WARN_INFINITE_RECURSION = YES;
				CLANG_WARN_INT_CONVERSION = YES;
				CLANG_WARN_NON_LITERAL_NULL_CONVERSION = YES;
				CLANG_WARN_OBJC_IMPLICIT_RETAIN_SELF = YES;
				CLANG_WARN_OBJC_LITERAL_CONVERSION = YES;
				CLANG_WARN_OBJC_ROOT_CLASS = YES_ERROR;
				CLANG_WARN_QUOTED_INCLUDE_IN_FRAMEWORK_HEADER = YES;
				CLANG_WARN_RANGE_LOOP_ANALYSIS = YES;
				CLANG_WARN_STRICT_PROTOTYPES = YES;
				CLANG_WARN_SUSPICIOUS_MOVE = YES;
				CLANG_WARN_UNGUARDED_AVAILABILITY = YES_AGGRESSIVE;
				CLANG_WARN_UNREACHABLE_CODE = YES;
				CLANG_WARN__DUPLICATE_METHOD_MATCH = YES;
				COPY_PHASE_STRIP = NO;
				DEBUG_INFORMATION_FORMAT = "dwarf-with-dsym";
				ENABLE_NS_ASSERTIONS = NO;
				ENABLE_STRICT_OBJC_MSGSEND = YES;
				ENABLE_USER_SCRIPT_SANDBOXING = YES;
				GCC_C_LANGUAGE_STANDARD = gnu17;
				GCC_NO_COMMON_BLOCKS = YES;
				GCC_WARN_64_TO_32_BIT_CONVERSION = YES;
				GCC_WARN_ABOUT_RETURN_TYPE = YES_ERROR;
				GCC_WARN_UNDECLARED_SELECTOR = YES;
				GCC_WARN_UNINITIALIZED_AUTOS = YES_AGGRESSIVE;
				GCC_WARN_UNUSED_FUNCTION = YES;
				GCC_WARN_UNUSED_VARIABLE = YES;
				IPHONEOS_DEPLOYMENT_TARGET = 17.0;
				LOCALIZATION_PREFERS_STRING_CATALOGS = YES;
				MTL_ENABLE_DEBUG_INFO = NO;
				MTL_FAST_MATH = YES;
				PRODUCT_MODULE_NAME = "$(PRODUCT_NAME:c99extidentifier)SpendingsApp";
				SDKROOT = iphoneos;
				SWIFT_COMPILATION_MODE = wholemodule;
				VALIDATE_PRODUCT = YES;
			};
			name = Release;
		};
		79D7F6142B8E3E35001EA354 /* Debug */ = {
			isa = XCBuildConfiguration;
			buildSettings = {
				ASSETCATALOG_COMPILER_APPICON_NAME = AppIcon;
				ASSETCATALOG_COMPILER_GLOBAL_ACCENT_COLOR_NAME = AccentColor;
				CODE_SIGN_STYLE = Automatic;
				CURRENT_PROJECT_VERSION = 1;
				DEVELOPMENT_ASSET_PATHS = "\"SpendingsApp/Preview Content\"";
				ENABLE_PREVIEWS = YES;
				GENERATE_INFOPLIST_FILE = YES;
				INFOPLIST_KEY_UIApplicationSceneManifest_Generation = YES;
				INFOPLIST_KEY_UIApplicationSupportsIndirectInputEvents = YES;
				INFOPLIST_KEY_UILaunchScreen_Generation = YES;
				INFOPLIST_KEY_UISupportedInterfaceOrientations_iPad = "UIInterfaceOrientationPortrait UIInterfaceOrientationPortraitUpsideDown UIInterfaceOrientationLandscapeLeft UIInterfaceOrientationLandscapeRight";
				INFOPLIST_KEY_UISupportedInterfaceOrientations_iPhone = "UIInterfaceOrientationPortrait UIInterfaceOrientationLandscapeLeft UIInterfaceOrientationLandscapeRight";
				LD_RUNPATH_SEARCH_PATHS = (
					"$(inherited)",
					"@executable_path/Frameworks",
				);
				MARKETING_VERSION = 1.0;
				PRODUCT_BUNDLE_IDENTIFIER = prajakta.SpendingsApp;
				PRODUCT_MODULE_NAME = SpendingsApp;
				PRODUCT_NAME = "$(TARGET_NAME)";
				SWIFT_EMIT_LOC_STRINGS = YES;
				SWIFT_VERSION = 5.0;
				TARGETED_DEVICE_FAMILY = "1,2";
			};
			name = Debug;
		};
		79D7F6152B8E3E35001EA354 /* Release */ = {
			isa = XCBuildConfiguration;
			buildSettings = {
				ASSETCATALOG_COMPILER_APPICON_NAME = AppIcon;
				ASSETCATALOG_COMPILER_GLOBAL_ACCENT_COLOR_NAME = AccentColor;
				CODE_SIGN_STYLE = Automatic;
				CURRENT_PROJECT_VERSION = 1;
				DEVELOPMENT_ASSET_PATHS = "\"SpendingsApp/Preview Content\"";
				ENABLE_PREVIEWS = YES;
				GENERATE_INFOPLIST_FILE = YES;
				INFOPLIST_KEY_UIApplicationSceneManifest_Generation = YES;
				INFOPLIST_KEY_UIApplicationSupportsIndirectInputEvents = YES;
				INFOPLIST_KEY_UILaunchScreen_Generation = YES;
				INFOPLIST_KEY_UISupportedInterfaceOrientations_iPad = "UIInterfaceOrientationPortrait UIInterfaceOrientationPortraitUpsideDown UIInterfaceOrientationLandscapeLeft UIInterfaceOrientationLandscapeRight";
				INFOPLIST_KEY_UISupportedInterfaceOrientations_iPhone = "UIInterfaceOrientationPortrait UIInterfaceOrientationLandscapeLeft UIInterfaceOrientationLandscapeRight";
				LD_RUNPATH_SEARCH_PATHS = (
					"$(inherited)",
					"@executable_path/Frameworks",
				);
				MARKETING_VERSION = 1.0;
				PRODUCT_BUNDLE_IDENTIFIER = prajakta.SpendingsApp;
				PRODUCT_MODULE_NAME = SpendingsApp;
				PRODUCT_NAME = "$(TARGET_NAME)";
				SWIFT_EMIT_LOC_STRINGS = YES;
				SWIFT_VERSION = 5.0;
				TARGETED_DEVICE_FAMILY = "1,2";
			};
			name = Release;
		};
/* End XCBuildConfiguration section */

/* Begin XCConfigurationList section */
		79D7F6002B8E3E33001EA354 /* Build configuration list for PBXProject "SpendingsApp" */ = {
			isa = XCConfigurationList;
			buildConfigurations = (
				79D7F6112B8E3E35001EA354 /* Debug */,
				79D7F6122B8E3E35001EA354 /* Release */,
			);
			defaultConfigurationIsVisible = 0;
			defaultConfigurationName = Release;
		};
		79D7F6132B8E3E35001EA354 /* Build configuration list for PBXNativeTarget "SpendingsApp" */ = {
			isa = XCConfigurationList;
			buildConfigurations = (
				79D7F6142B8E3E35001EA354 /* Debug */,
				79D7F6152B8E3E35001EA354 /* Release */,
			);
			defaultConfigurationIsVisible = 0;
			defaultConfigurationName = Release;
		};
/* End XCConfigurationList section */
	};
	rootObject = 79D7F5FD2B8E3E33001EA354 /* Project object */;
}
